
Microsoft Visual Studio Solution File, Format Version 12.00
# Visual Studio Version 16
VisualStudioVersion = 16.0.30225.117
MinimumVisualStudioVersion = 10.0.40219.1
Project("{FAE04EC0-301F-11D3-BF4B-00C04F79EFBC}") = "Quanlicanbo", "Quanlicanbo\Quanlicanbo.csproj", "{0ADFEC67-B9E7-4467-A9EC-6F4A6F8F655D}"
EndProject
Global
	GlobalSection(SolutionConfigurationPlatforms) = preSolution
		Debug|Any CPU = Debug|Any CPU
		Release|Any CPU = Release|Any CPU
	EndGlobalSection
	GlobalSection(ProjectConfigurationPlatforms) = postSolution
		{0ADFEC67-B9E7-4467-A9EC-6F4A6F8F655D}.Debug|Any CPU.ActiveCfg = Debug|Any CPU
		{0ADFEC67-B9E7-4467-A9EC-6F4A6F8F655D}.Debug|Any CPU.Build.0 = Debug|Any CPU
		{0ADFEC67-B9E7-4467-A9EC-6F4A6F8F655D}.Release|Any CPU.ActiveCfg = Release|Any CPU
		{0ADFEC67-B9E7-4467-A9EC-6F4A6F8F655D}.Release|Any CPU.Build.0 = Release|Any CPU
	EndGlobalSection
	GlobalSection(SolutionProperties) = preSolution
		HideSolutionNode = FALSE
	EndGlobalSection
	GlobalSection(ExtensibilityGlobals) = postSolution
		SolutionGuid = {C2D77935-CD7D-43DF-9644-3FFB545263A8}
	EndGlobalSection
EndGlobal
